
Microsoft Visual Studio Solution File, Format Version 12.00
# Visual Studio Version 16
VisualStudioVersion = 16.0.30204.135
MinimumVisualStudioVersion = 10.0.40219.1
Project("{9A19103F-16F7-4668-BE54-9A1E7A4F7556}") = "Catalog.API", "Catalog.API\Catalog.API.csproj", "{1C12AD04-2A04-4C12-BBC3-B4A48E2CAE4D}"
EndProject
Project("{9A19103F-16F7-4668-BE54-9A1E7A4F7556}") = "Basket.API", "Basket.API\Basket.API.csproj", "{27D713DC-3C6F-4508-94B7-68506040109B}"
EndProject
Project("{2150E333-8FDC-42A3-9474-1A3956D46DE8}") = "BuildingBlocks", "BuildingBlocks", "{C16AE7D9-EFCB-4BC1-A253-251ACBBFBA10}"
EndProject
Project("{2150E333-8FDC-42A3-9474-1A3956D46DE8}") = "EventBusBlock", "EventBusBlock", "{7F85B58D-CBBD-4408-8402-D44B48895BA8}"
EndProject
Project("{2150E333-8FDC-42A3-9474-1A3956D46DE8}") = "Basket", "Basket", "{5A1374F4-F998-4FBC-8B24-8670E15E2A02}"
EndProject
Project("{2150E333-8FDC-42A3-9474-1A3956D46DE8}") = "tests", "tests", "{B70518E5-699A-4A7E-A351-BFD6BF8170D7}"
EndProject
Project("{9A19103F-16F7-4668-BE54-9A1E7A4F7556}") = "Basket.API.Tests", "Basket.API.Tests\Basket.API.Tests.csproj", "{2CE09DEC-6AC4-4879-878C-5EEDFA5804C7}"
EndProject
Project("{2150E333-8FDC-42A3-9474-1A3956D46DE8}") = "Services", "Services", "{2EF5893F-3AD9-4450-8AEA-2191C9F8B9BA}"
EndProject
Project("{2150E333-8FDC-42A3-9474-1A3956D46DE8}") = "Catalog", "Catalog", "{4ABD2D16-388B-4944-B348-524A3B7CD9CB}"
EndProject
Project("{9A19103F-16F7-4668-BE54-9A1E7A4F7556}") = "EventBus", "EventBus\EventBus\EventBus.csproj", "{5D15364A-D7B5-4B6A-9BC7-B00F0A7216D2}"
EndProject
Project("{FAE04EC0-301F-11D3-BF4B-00C04F79EFBC}") = "EventBusRabbitMQ", "EventBus\EventBusRabbitMQ\EventBusRabbitMQ\EventBusRabbitMQ.csproj", "{AF47E4AA-AEC3-4749-A47E-F763922D0697}"
EndProject
Global
	GlobalSection(SolutionConfigurationPlatforms) = preSolution
		Debug|Any CPU = Debug|Any CPU
		Release|Any CPU = Release|Any CPU
	EndGlobalSection
	GlobalSection(ProjectConfigurationPlatforms) = postSolution
		{1C12AD04-2A04-4C12-BBC3-B4A48E2CAE4D}.Debug|Any CPU.ActiveCfg = Debug|Any CPU
		{1C12AD04-2A04-4C12-BBC3-B4A48E2CAE4D}.Debug|Any CPU.Build.0 = Debug|Any CPU
		{1C12AD04-2A04-4C12-BBC3-B4A48E2CAE4D}.Release|Any CPU.ActiveCfg = Release|Any CPU
		{1C12AD04-2A04-4C12-BBC3-B4A48E2CAE4D}.Release|Any CPU.Build.0 = Release|Any CPU
		{27D713DC-3C6F-4508-94B7-68506040109B}.Debug|Any CPU.ActiveCfg = Debug|Any CPU
		{27D713DC-3C6F-4508-94B7-68506040109B}.Debug|Any CPU.Build.0 = Debug|Any CPU
		{27D713DC-3C6F-4508-94B7-68506040109B}.Release|Any CPU.ActiveCfg = Release|Any CPU
		{27D713DC-3C6F-4508-94B7-68506040109B}.Release|Any CPU.Build.0 = Release|Any CPU
		{2CE09DEC-6AC4-4879-878C-5EEDFA5804C7}.Debug|Any CPU.ActiveCfg = Debug|Any CPU
		{2CE09DEC-6AC4-4879-878C-5EEDFA5804C7}.Debug|Any CPU.Build.0 = Debug|Any CPU
		{2CE09DEC-6AC4-4879-878C-5EEDFA5804C7}.Release|Any CPU.ActiveCfg = Release|Any CPU
		{2CE09DEC-6AC4-4879-878C-5EEDFA5804C7}.Release|Any CPU.Build.0 = Release|Any CPU
		{5D15364A-D7B5-4B6A-9BC7-B00F0A7216D2}.Debug|Any CPU.ActiveCfg = Debug|Any CPU
		{5D15364A-D7B5-4B6A-9BC7-B00F0A7216D2}.Debug|Any CPU.Build.0 = Debug|Any CPU
		{5D15364A-D7B5-4B6A-9BC7-B00F0A7216D2}.Release|Any CPU.ActiveCfg = Release|Any CPU
		{5D15364A-D7B5-4B6A-9BC7-B00F0A7216D2}.Release|Any CPU.Build.0 = Release|Any CPU
		{AF47E4AA-AEC3-4749-A47E-F763922D0697}.Debug|Any CPU.ActiveCfg = Debug|Any CPU
		{AF47E4AA-AEC3-4749-A47E-F763922D0697}.Debug|Any CPU.Build.0 = Debug|Any CPU
		{AF47E4AA-AEC3-4749-A47E-F763922D0697}.Release|Any CPU.ActiveCfg = Release|Any CPU
		{AF47E4AA-AEC3-4749-A47E-F763922D0697}.Release|Any CPU.Build.0 = Release|Any CPU
	EndGlobalSection
	GlobalSection(SolutionProperties) = preSolution
		HideSolutionNode = FALSE
	EndGlobalSection
	GlobalSection(NestedProjects) = preSolution
		{1C12AD04-2A04-4C12-BBC3-B4A48E2CAE4D} = {4ABD2D16-388B-4944-B348-524A3B7CD9CB}
		{27D713DC-3C6F-4508-94B7-68506040109B} = {5A1374F4-F998-4FBC-8B24-8670E15E2A02}
		{7F85B58D-CBBD-4408-8402-D44B48895BA8} = {C16AE7D9-EFCB-4BC1-A253-251ACBBFBA10}
		{5A1374F4-F998-4FBC-8B24-8670E15E2A02} = {2EF5893F-3AD9-4450-8AEA-2191C9F8B9BA}
		{B70518E5-699A-4A7E-A351-BFD6BF8170D7} = {5A1374F4-F998-4FBC-8B24-8670E15E2A02}
		{2CE09DEC-6AC4-4879-878C-5EEDFA5804C7} = {B70518E5-699A-4A7E-A351-BFD6BF8170D7}
		{4ABD2D16-388B-4944-B348-524A3B7CD9CB} = {2EF5893F-3AD9-4450-8AEA-2191C9F8B9BA}
		{5D15364A-D7B5-4B6A-9BC7-B00F0A7216D2} = {7F85B58D-CBBD-4408-8402-D44B48895BA8}
		{AF47E4AA-AEC3-4749-A47E-F763922D0697} = {7F85B58D-CBBD-4408-8402-D44B48895BA8}
	EndGlobalSection
	GlobalSection(ExtensibilityGlobals) = postSolution
		SolutionGuid = {CD2F11E1-6E6B-4DF0-97AE-6CFE01B2F71E}
	EndGlobalSection
EndGlobal
