
Microsoft Visual Studio Solution File, Format Version 12.00
# Visual Studio Version 16
VisualStudioVersion = 16.0.30204.135
MinimumVisualStudioVersion = 10.0.40219.1
Project("{9A19103F-16F7-4668-BE54-9A1E7A4F7556}") = "EventBus", "BuildingBlocks\EventBus\EventBus.csproj", "{84DF4DB5-7187-4A82-8C1D-7B07F1CDF095}"
EndProject
Project("{9A19103F-16F7-4668-BE54-9A1E7A4F7556}") = "RabbitMQEventBus", "BuildingBlocks\RabbitMQEventBus\RabbitMQEventBus.csproj", "{B96562CB-1788-4034-8C1B-9B38751232C2}"
EndProject
Project("{9A19103F-16F7-4668-BE54-9A1E7A4F7556}") = "Basket.API", "Services\Basket\Basket.API\Basket.API.csproj", "{D352864D-8851-47CD-B299-B92F880845C6}"
EndProject
Project("{9A19103F-16F7-4668-BE54-9A1E7A4F7556}") = "Catalog.API", "Services\Catalog\Catalog.API\Catalog.API.csproj", "{B79A4187-9D46-4130-92F7-B8F36E94B31A}"
EndProject
Project("{9A19103F-16F7-4668-BE54-9A1E7A4F7556}") = "ApiGateway", "ApiGateway\ApiGateway.csproj", "{EAAAB286-1AF9-48C8-B406-7E8F36D75F71}"
EndProject
Project("{9A19103F-16F7-4668-BE54-9A1E7A4F7556}") = "Order.API", "Services\Order\Order.API\Order.API.csproj", "{6CE95375-00A2-41E4-8418-426DD69A81C1}"
EndProject
Project("{9A19103F-16F7-4668-BE54-9A1E7A4F7556}") = "Order.Domain", "Services\Order\Order.Domain\Order.Domain.csproj", "{BA694ADF-418F-4390-9CDE-C00FD593AF76}"
EndProject
Project("{9A19103F-16F7-4668-BE54-9A1E7A4F7556}") = "IntegrationEventLog", "BuildingBlocks\IntegrationEventLog\IntegrationEventLog.csproj", "{12AAA689-776A-4BC7-982E-E57F8024091D}"
EndProject
Global
	GlobalSection(SolutionConfigurationPlatforms) = preSolution
		Debug|Any CPU = Debug|Any CPU
		Release|Any CPU = Release|Any CPU
	EndGlobalSection
	GlobalSection(ProjectConfigurationPlatforms) = postSolution
		{84DF4DB5-7187-4A82-8C1D-7B07F1CDF095}.Debug|Any CPU.ActiveCfg = Debug|Any CPU
		{84DF4DB5-7187-4A82-8C1D-7B07F1CDF095}.Debug|Any CPU.Build.0 = Debug|Any CPU
		{84DF4DB5-7187-4A82-8C1D-7B07F1CDF095}.Release|Any CPU.ActiveCfg = Release|Any CPU
		{84DF4DB5-7187-4A82-8C1D-7B07F1CDF095}.Release|Any CPU.Build.0 = Release|Any CPU
		{B96562CB-1788-4034-8C1B-9B38751232C2}.Debug|Any CPU.ActiveCfg = Debug|Any CPU
		{B96562CB-1788-4034-8C1B-9B38751232C2}.Debug|Any CPU.Build.0 = Debug|Any CPU
		{B96562CB-1788-4034-8C1B-9B38751232C2}.Release|Any CPU.ActiveCfg = Release|Any CPU
		{B96562CB-1788-4034-8C1B-9B38751232C2}.Release|Any CPU.Build.0 = Release|Any CPU
		{D352864D-8851-47CD-B299-B92F880845C6}.Debug|Any CPU.ActiveCfg = Debug|Any CPU
		{D352864D-8851-47CD-B299-B92F880845C6}.Debug|Any CPU.Build.0 = Debug|Any CPU
		{D352864D-8851-47CD-B299-B92F880845C6}.Release|Any CPU.ActiveCfg = Release|Any CPU
		{D352864D-8851-47CD-B299-B92F880845C6}.Release|Any CPU.Build.0 = Release|Any CPU
		{B79A4187-9D46-4130-92F7-B8F36E94B31A}.Debug|Any CPU.ActiveCfg = Debug|Any CPU
		{B79A4187-9D46-4130-92F7-B8F36E94B31A}.Debug|Any CPU.Build.0 = Debug|Any CPU
		{B79A4187-9D46-4130-92F7-B8F36E94B31A}.Release|Any CPU.ActiveCfg = Release|Any CPU
		{B79A4187-9D46-4130-92F7-B8F36E94B31A}.Release|Any CPU.Build.0 = Release|Any CPU
		{EAAAB286-1AF9-48C8-B406-7E8F36D75F71}.Debug|Any CPU.ActiveCfg = Debug|Any CPU
		{EAAAB286-1AF9-48C8-B406-7E8F36D75F71}.Debug|Any CPU.Build.0 = Debug|Any CPU
		{EAAAB286-1AF9-48C8-B406-7E8F36D75F71}.Release|Any CPU.ActiveCfg = Release|Any CPU
		{EAAAB286-1AF9-48C8-B406-7E8F36D75F71}.Release|Any CPU.Build.0 = Release|Any CPU
		{6CE95375-00A2-41E4-8418-426DD69A81C1}.Debug|Any CPU.ActiveCfg = Debug|Any CPU
		{6CE95375-00A2-41E4-8418-426DD69A81C1}.Debug|Any CPU.Build.0 = Debug|Any CPU
		{6CE95375-00A2-41E4-8418-426DD69A81C1}.Release|Any CPU.ActiveCfg = Release|Any CPU
		{6CE95375-00A2-41E4-8418-426DD69A81C1}.Release|Any CPU.Build.0 = Release|Any CPU
		{BA694ADF-418F-4390-9CDE-C00FD593AF76}.Debug|Any CPU.ActiveCfg = Debug|Any CPU
		{BA694ADF-418F-4390-9CDE-C00FD593AF76}.Debug|Any CPU.Build.0 = Debug|Any CPU
		{BA694ADF-418F-4390-9CDE-C00FD593AF76}.Release|Any CPU.ActiveCfg = Release|Any CPU
		{BA694ADF-418F-4390-9CDE-C00FD593AF76}.Release|Any CPU.Build.0 = Release|Any CPU
		{12AAA689-776A-4BC7-982E-E57F8024091D}.Debug|Any CPU.ActiveCfg = Debug|Any CPU
		{12AAA689-776A-4BC7-982E-E57F8024091D}.Debug|Any CPU.Build.0 = Debug|Any CPU
		{12AAA689-776A-4BC7-982E-E57F8024091D}.Release|Any CPU.ActiveCfg = Release|Any CPU
		{12AAA689-776A-4BC7-982E-E57F8024091D}.Release|Any CPU.Build.0 = Release|Any CPU
	EndGlobalSection
	GlobalSection(SolutionProperties) = preSolution
		HideSolutionNode = FALSE
	EndGlobalSection
	GlobalSection(ExtensibilityGlobals) = postSolution
		SolutionGuid = {284C82B7-E656-4E31-BB2F-BC0C88A9FFB5}
	EndGlobalSection
EndGlobal
